
Microsoft Visual Studio Solution File, Format Version 12.00
# Visual Studio Version 16
VisualStudioVersion = 16.0.29201.188
MinimumVisualStudioVersion = 10.0.40219.1
Project("{FAE04EC0-301F-11D3-BF4B-00C04F79EFBC}") = "16matikkapeli", "16matikkapeli\16matikkapeli.csproj", "{B64D582F-0A1E-42DA-B63F-E7D7EC30A6F0}"
EndProject
Global
	GlobalSection(SolutionConfigurationPlatforms) = preSolution
		Debug|Any CPU = Debug|Any CPU
		Release|Any CPU = Release|Any CPU
	EndGlobalSection
	GlobalSection(ProjectConfigurationPlatforms) = postSolution
		{B64D582F-0A1E-42DA-B63F-E7D7EC30A6F0}.Debug|Any CPU.ActiveCfg = Debug|Any CPU
		{B64D582F-0A1E-42DA-B63F-E7D7EC30A6F0}.Debug|Any CPU.Build.0 = Debug|Any CPU
		{B64D582F-0A1E-42DA-B63F-E7D7EC30A6F0}.Release|Any CPU.ActiveCfg = Release|Any CPU
		{B64D582F-0A1E-42DA-B63F-E7D7EC30A6F0}.Release|Any CPU.Build.0 = Release|Any CPU
	EndGlobalSection
	GlobalSection(SolutionProperties) = preSolution
		HideSolutionNode = FALSE
	EndGlobalSection
	GlobalSection(ExtensibilityGlobals) = postSolution
		SolutionGuid = {7A0AF170-0CC3-4E3A-9379-4F46CFB55328}
	EndGlobalSection
EndGlobal
